
Microsoft Visual Studio Solution File, Format Version 12.00
# Visual Studio Version 16
VisualStudioVersion = 16.0.31729.503
MinimumVisualStudioVersion = 10.0.40219.1
Project("{FAE04EC0-301F-11D3-BF4B-00C04F79EFBC}") = "Book-Api", "Book-Api\Book-Api.csproj", "{9230623B-1232-4A20-B761-4AA1CC90C74B}"
EndProject
Global
	GlobalSection(SolutionConfigurationPlatforms) = preSolution
		Debug|Any CPU = Debug|Any CPU
		Release|Any CPU = Release|Any CPU
	EndGlobalSection
	GlobalSection(ProjectConfigurationPlatforms) = postSolution
		{9230623B-1232-4A20-B761-4AA1CC90C74B}.Debug|Any CPU.ActiveCfg = Debug|Any CPU
		{9230623B-1232-4A20-B761-4AA1CC90C74B}.Debug|Any CPU.Build.0 = Debug|Any CPU
		{9230623B-1232-4A20-B761-4AA1CC90C74B}.Release|Any CPU.ActiveCfg = Release|Any CPU
		{9230623B-1232-4A20-B761-4AA1CC90C74B}.Release|Any CPU.Build.0 = Release|Any CPU
	EndGlobalSection
	GlobalSection(SolutionProperties) = preSolution
		HideSolutionNode = FALSE
	EndGlobalSection
	GlobalSection(ExtensibilityGlobals) = postSolution
		SolutionGuid = {2DD76B35-A8F8-4CB1-9613-7DC12FC7949D}
	EndGlobalSection
EndGlobal
